
Microsoft Visual Studio Solution File, Format Version 12.00
# Visual Studio Version 17
VisualStudioVersion = 17.7.34202.233
MinimumVisualStudioVersion = 10.0.40219.1
Project("{FAE04EC0-301F-11D3-BF4B-00C04F79EFBC}") = "Labb8", "Labb8.csproj", "{455649E9-CC2D-4243-AF0A-A239B7826BFD}"
EndProject
Global
	GlobalSection(SolutionConfigurationPlatforms) = preSolution
		Debug|Any CPU = Debug|Any CPU
		Release|Any CPU = Release|Any CPU
	EndGlobalSection
	GlobalSection(ProjectConfigurationPlatforms) = postSolution
		{455649E9-CC2D-4243-AF0A-A239B7826BFD}.Debug|Any CPU.ActiveCfg = Debug|Any CPU
		{455649E9-CC2D-4243-AF0A-A239B7826BFD}.Debug|Any CPU.Build.0 = Debug|Any CPU
		{455649E9-CC2D-4243-AF0A-A239B7826BFD}.Release|Any CPU.ActiveCfg = Release|Any CPU
		{455649E9-CC2D-4243-AF0A-A239B7826BFD}.Release|Any CPU.Build.0 = Release|Any CPU
	EndGlobalSection
	GlobalSection(SolutionProperties) = preSolution
		HideSolutionNode = FALSE
	EndGlobalSection
	GlobalSection(ExtensibilityGlobals) = postSolution
		SolutionGuid = {4F06035A-45C1-415B-B768-98E5CE9F7011}
	EndGlobalSection
EndGlobal
